{
  "name": "игра на Vue",
  "lockfileVersion": 3,
  "requires": true,
  "packages": {
    "": {
      "dependencies": {
        "@vkontakte/vk-bridge": "^2.15.5"
      }
    },
    "node_modules/@vkontakte/vk-bridge": {
      "version": "2.15.5",
      "resolved": "https://registry.npmjs.org/@vkontakte/vk-bridge/-/vk-bridge-2.15.5.tgz",
      "integrity": "sha512-b6tqK7GAIdqyEeDrz1CY2B40yvxcDuUNeLbaIqpqsPJodTSJE7eOfNdGmBv1TjNLxIpYngMzeUcSOb0jnFw0Zg==",
      "license": "MIT"
    }
  }
}
